PODS:
  - mobile-ffmpeg-full (4.4.LTS)
  - NMEasyTipView (1.2)

DEPENDENCIES:
  - mobile-ffmpeg-full (= 4.4.LTS)
  - NMEasyTipView (~> 1.2)

SPEC REPOS:
  trunk:
    - mobile-ffmpeg-full
    - NMEasyTipView

SPEC CHECKSUMS:
  mobile-ffmpeg-full: f17c82219b4ff9e4018b5e21f88b78c28a3475db
  NMEasyTipView: 04948bb8ee01b22957095e1427be972115b57d02

PODFILE CHECKSUM: d859c9e4943fa6ddfb7c5859a49a7246ebcfda0e

COCOAPODS: 1.10.1
